{
    "name": "subheaven-npm-base",
    "version": "0.1.3",
    "lockfileVersion": 2,
    "requires": true,
    "packages": {
        "": {
            "version": "0.1.3",
            "hasInstallScript": true,
            "license": "MIT",
            "dependencies": {
                "debug": "^4.3.1",
                "subheaven-arg": "github:SubHeaven/subheaven-arg",
                "subheaven-tools": "github:SubHeaven/subheaven-tools"
            },
            "bin": {
                "subheaven-npm-base": "cli.js"
            }
        },
        "node_modules/debug": {
            "version": "4.3.2",
            "resolved": "https://registry.npmjs.org/debug/-/debug-4.3.2.tgz",
            "integrity": "sha512-mOp8wKcvj7XxC78zLgw/ZA+6TSgkoE2C/ienthhRD298T7UNwAg9diBpLRxC0mOezLl4B0xV7M0cCO6P/O0Xhw==",
            "dependencies": {
                "ms": "2.1.2"
            },
            "engines": {
                "node": ">=6.0"
            },
            "peerDependenciesMeta": {
                "supports-color": {
                    "optional": true
                }
            }
        },
        "node_modules/ms": {
            "version": "2.1.2",
            "resolved": "https://registry.npmjs.org/ms/-/ms-2.1.2.tgz",
            "integrity": "sha512-sGkPx+VjMtmA6MX27oA4FBFELFCZZ4S4XqeGOXCv68tT+jb3vk/RyaKWP0PTKyWtmLSM0b+adUTEvbs1PEaH2w=="
        },
        "node_modules/subheaven-arg": {
            "version": "0.2.6",
            "resolved": "git+ssh://git@github.com/SubHeaven/subheaven-arg.git#662f2176f002fc3e3978fe6b75abff970daa446a",
            "license": "MIT"
        },
        "node_modules/subheaven-tools": {
            "version": "0.1.2",
            "resolved": "git+ssh://git@github.com/SubHeaven/subheaven-tools.git#5f1aee15c4a9ccdae38f3d46cb04d93bc377c0b6",
            "license": "ISC"
        }
    },
    "dependencies": {
        "debug": {
            "version": "4.3.2",
            "resolved": "https://registry.npmjs.org/debug/-/debug-4.3.2.tgz",
            "integrity": "sha512-mOp8wKcvj7XxC78zLgw/ZA+6TSgkoE2C/ienthhRD298T7UNwAg9diBpLRxC0mOezLl4B0xV7M0cCO6P/O0Xhw==",
            "requires": {
                "ms": "2.1.2"
            }
        },
        "ms": {
            "version": "2.1.2",
            "resolved": "https://registry.npmjs.org/ms/-/ms-2.1.2.tgz",
            "integrity": "sha512-sGkPx+VjMtmA6MX27oA4FBFELFCZZ4S4XqeGOXCv68tT+jb3vk/RyaKWP0PTKyWtmLSM0b+adUTEvbs1PEaH2w=="
        },
        "subheaven-arg": {
            "version": "git+ssh://git@github.com/SubHeaven/subheaven-arg.git#662f2176f002fc3e3978fe6b75abff970daa446a",
            "from": "subheaven-arg@github:SubHeaven/subheaven-arg"
        },
        "subheaven-tools": {
            "version": "git+ssh://git@github.com/SubHeaven/subheaven-tools.git#5f1aee15c4a9ccdae38f3d46cb04d93bc377c0b6",
            "from": "subheaven-tools@github:SubHeaven/subheaven-tools"
        }
    }
}
